
Microsoft Visual Studio Solution File, Format Version 12.00
# Visual Studio Version 16
VisualStudioVersion = 16.0.30711.63
MinimumVisualStudioVersion = 10.0.40219.1
Project("{9A19103F-16F7-4668-BE54-9A1E7A4F7556}") = "BusinessLayer", "BusinessLayer\BusinessLayer.csproj", "{6FF9E7C6-FB7B-4E9F-9F1D-7ED436A3F6F6}"
EndProject
Project("{9A19103F-16F7-4668-BE54-9A1E7A4F7556}") = "DataLayer", "DataLayer\DataLayer.csproj", "{EB8F81C1-F2A8-4203-87AD-9A09ED0B4802}"
EndProject
Project("{9A19103F-16F7-4668-BE54-9A1E7A4F7556}") = "DTO", "DTO\DTO.csproj", "{850A92AF-0786-4107-AE92-DBB86543417C}"
EndProject
Project("{FAE04EC0-301F-11D3-BF4B-00C04F79EFBC}") = "WebUI", "WebUI\WebUI.csproj", "{A10C278E-930B-4557-A7E9-B0EB9B5ECB4B}"
EndProject
Project("{9A19103F-16F7-4668-BE54-9A1E7A4F7556}") = "WindowsFormsApp1", "WindowsFormsApp1\WindowsFormsApp1\WindowsFormsApp1.csproj", "{7D2DB932-0C50-404F-ACE6-1D3AA57FC394}"
EndProject
Global
	GlobalSection(SolutionConfigurationPlatforms) = preSolution
		Debug|Any CPU = Debug|Any CPU
		Release|Any CPU = Release|Any CPU
	EndGlobalSection
	GlobalSection(ProjectConfigurationPlatforms) = postSolution
		{6FF9E7C6-FB7B-4E9F-9F1D-7ED436A3F6F6}.Debug|Any CPU.ActiveCfg = Debug|Any CPU
		{6FF9E7C6-FB7B-4E9F-9F1D-7ED436A3F6F6}.Debug|Any CPU.Build.0 = Debug|Any CPU
		{6FF9E7C6-FB7B-4E9F-9F1D-7ED436A3F6F6}.Release|Any CPU.ActiveCfg = Release|Any CPU
		{6FF9E7C6-FB7B-4E9F-9F1D-7ED436A3F6F6}.Release|Any CPU.Build.0 = Release|Any CPU
		{EB8F81C1-F2A8-4203-87AD-9A09ED0B4802}.Debug|Any CPU.ActiveCfg = Debug|Any CPU
		{EB8F81C1-F2A8-4203-87AD-9A09ED0B4802}.Debug|Any CPU.Build.0 = Debug|Any CPU
		{EB8F81C1-F2A8-4203-87AD-9A09ED0B4802}.Release|Any CPU.ActiveCfg = Release|Any CPU
		{EB8F81C1-F2A8-4203-87AD-9A09ED0B4802}.Release|Any CPU.Build.0 = Release|Any CPU
		{850A92AF-0786-4107-AE92-DBB86543417C}.Debug|Any CPU.ActiveCfg = Debug|Any CPU
		{850A92AF-0786-4107-AE92-DBB86543417C}.Debug|Any CPU.Build.0 = Debug|Any CPU
		{850A92AF-0786-4107-AE92-DBB86543417C}.Release|Any CPU.ActiveCfg = Release|Any CPU
		{850A92AF-0786-4107-AE92-DBB86543417C}.Release|Any CPU.Build.0 = Release|Any CPU
		{A10C278E-930B-4557-A7E9-B0EB9B5ECB4B}.Debug|Any CPU.ActiveCfg = Debug|Any CPU
		{A10C278E-930B-4557-A7E9-B0EB9B5ECB4B}.Debug|Any CPU.Build.0 = Debug|Any CPU
		{A10C278E-930B-4557-A7E9-B0EB9B5ECB4B}.Release|Any CPU.ActiveCfg = Release|Any CPU
		{A10C278E-930B-4557-A7E9-B0EB9B5ECB4B}.Release|Any CPU.Build.0 = Release|Any CPU
		{7D2DB932-0C50-404F-ACE6-1D3AA57FC394}.Debug|Any CPU.ActiveCfg = Debug|Any CPU
		{7D2DB932-0C50-404F-ACE6-1D3AA57FC394}.Debug|Any CPU.Build.0 = Debug|Any CPU
		{7D2DB932-0C50-404F-ACE6-1D3AA57FC394}.Release|Any CPU.ActiveCfg = Release|Any CPU
		{7D2DB932-0C50-404F-ACE6-1D3AA57FC394}.Release|Any CPU.Build.0 = Release|Any CPU
	EndGlobalSection
	GlobalSection(SolutionProperties) = preSolution
		HideSolutionNode = FALSE
	EndGlobalSection
	GlobalSection(ExtensibilityGlobals) = postSolution
		SolutionGuid = {985D0CE4-D35C-4AA7-A941-AEAD5293330E}
	EndGlobalSection
EndGlobal
